// !$*UTF8*$!
{
	archiveVersion = 1;
	classes = {
	};
	objectVersion = 46;
	objects = {

/* Begin PBXBuildFile section */
		363529CE17D696150074784C /* MyView.m in Sources */ = {isa = PBXBuildFile; fileRef = 363529CD17D696150074784C /* MyView.m */; };
		363529D017D69BC10074784C /* Test2-Info.plist in Resources */ = {isa = PBXBuildFile; fileRef = 363529CF17D69BC10074784C /* Test2-Info.plist */; };
		3660CDC51725E1B900D48AD2 /* UIKit.framework in Frameworks */ = {isa = PBXBuildFile; fileRef = 3660CDC41725E1B900D48AD2 /* UIKit.framework */; };
		3660CDC71725E1B900D48AD2 /* Foundation.framework in Frameworks */ = {isa = PBXBuildFile; fileRef = 3660CDC61725E1B900D48AD2 /* Foundation.framework */; };
		3660CDC91725E1B900D48AD2 /* CoreGraphics.framework in Frameworks */ = {isa = PBXBuildFile; fileRef = 3660CDC81725E1B900D48AD2 /* CoreGraphics.framework */; };
		3660CDCF1725E1B900D48AD2 /* InfoPlist.strings in Resources */ = {isa = PBXBuildFile; fileRef = 3660CDCD1725E1B900D48AD2 /* InfoPlist.strings */; };
		3660CDD11725E1B900D48AD2 /* main.m in Sources */ = {isa = PBXBuildFile; fileRef = 3660CDD01725E1B900D48AD2 /* main.m */; };
		3660CDD51725E1B900D48AD2 /* AppDelegate.m in Sources */ = {isa = PBXBuildFile; fileRef = 3660CDD41725E1B900D48AD2 /* AppDelegate.m */; };
		3660CDD71725E1B900D48AD2 /* Default.png in Resources */ = {isa = PBXBuildFile; fileRef = 3660CDD61725E1B900D48AD2 /* Default.png */; };
		3660CDD91725E1B900D48AD2 /* Default@2x.png in Resources */ = {isa = PBXBuildFile; fileRef = 3660CDD81725E1B900D48AD2 /* Default@2x.png */; };
		3660CDDB1725E1B900D48AD2 /* Default-568h@2x.png in Resources */ = {isa = PBXBuildFile; fileRef = 3660CDDA1725E1B900D48AD2 /* Default-568h@2x.png */; };
		3660CDDE1725E1B900D48AD2 /* ViewController.m in Sources */ = {isa = PBXBuildFile; fileRef = 3660CDDD1725E1B900D48AD2 /* ViewController.m */; };
		3660CDE11725E1B900D48AD2 /* ViewController.xib in Resources */ = {isa = PBXBuildFile; fileRef = 3660CDDF1725E1B900D48AD2 /* ViewController.xib */; };
/* End PBXBuildFile section */

/* Begin PBXFileReference section */
		363529CC17D696150074784C /* MyView.h */ = {isa = PBXFileReference; fileEncoding = 4; lastKnownFileType = sourcecode.c.h; path = MyView.h; sourceTree = "<group>"; };
		363529CD17D696150074784C /* MyView.m */ = {isa = PBXFileReference; fileEncoding = 4; lastKnownFileType = sourcecode.c.objc; path = MyView.m; sourceTree = "<group>"; };
		363529CF17D69BC10074784C /* Test2-Info.plist */ = {isa = PBXFileReference; fileEncoding = 4; lastKnownFileType = text.plist.xml; path = "Test2-Info.plist"; sourceTree = "<group>"; };
		3660CDC11725E1B900D48AD2 /* Test2.app */ = {isa = PBXFileReference; explicitFileType = wrapper.application; includeInIndex = 0; path = Test2.app; sourceTree = BUILT_PRODUCTS_DIR; };
		3660CDC41725E1B900D48AD2 /* UIKit.framework */ = {isa = PBXFileReference; lastKnownFileType = wrapper.framework; name = UIKit.framework; path = System/Library/Frameworks/UIKit.framework; sourceTree = SDKROOT; };
		3660CDC61725E1B900D48AD2 /* Foundation.framework */ = {isa = PBXFileReference; lastKnownFileType = wrapper.framework; name = Foundation.framework; path = System/Library/Frameworks/Foundation.framework; sourceTree = SDKROOT; };
		3660CDC81725E1B900D48AD2 /* CoreGraphics.framework */ = {isa = PBXFileReference; lastKnownFileType = wrapper.framework; name = CoreGraphics.framework; path = System/Library/Frameworks/CoreGraphics.framework; sourceTree = SDKROOT; };
		3660CDCE1725E1B900D48AD2 /* en */ = {isa = PBXFileReference; lastKnownFileType = text.plist.strings; name = en; path = en.lproj/InfoPlist.strings; sourceTree = "<group>"; };
		3660CDD01725E1B900D48AD2 /* main.m */ = {isa = PBXFileReference; lastKnownFileType = sourcecode.c.objc; path = main.m; sourceTree = "<group>"; };
		3660CDD21725E1B900D48AD2 /* Test2-Prefix.pch */ = {isa = PBXFileReference; lastKnownFileType = sourcecode.c.h; path = "Test2-Prefix.pch"; sourceTree = "<group>"; };
		3660CDD31725E1B900D48AD2 /* AppDelegate.h */ = {isa = PBXFileReference; lastKnownFileType = sourcecode.c.h; path = AppDelegate.h; sourceTree = "<group>"; };
		3660CDD41725E1B900D48AD2 /* AppDelegate.m */ = {isa = PBXFileReference; lastKnownFileType = sourcecode.c.objc; path = AppDelegate.m; sourceTree = "<group>"; };
		3660CDD61725E1B900D48AD2 /* Default.png */ = {isa = PBXFileReference; lastKnownFileType = image.png; path = Default.png; sourceTree = "<group>"; };
		3660CDD81725E1B900D48AD2 /* Default@2x.png */ = {isa = PBXFileReference; lastKnownFileType = image.png; path = "Default@2x.png"; sourceTree = "<group>"; };
		3660CDDA1725E1B900D48AD2 /* Default-568h@2x.png */ = {isa = PBXFileReference; lastKnownFileType = image.png; path = "Default-568h@2x.png"; sourceTree = "<group>"; };
		3660CDDC1725E1B900D48AD2 /* ViewController.h */ = {isa = PBXFileReference; lastKnownFileType = sourcecode.c.h; path = ViewController.h; sourceTree = "<group>"; };
		3660CDDD1725E1B900D48AD2 /* ViewController.m */ = {isa = PBXFileReference; lastKnownFileType = sourcecode.c.objc; path = ViewController.m; sourceTree = "<group>"; };
		3660CDE01725E1B900D48AD2 /* en */ = {isa = PBXFileReference; lastKnownFileType = file.xib; name = en; path = en.lproj/ViewController.xib; sourceTree = "<group>"; };
/* End PBXFileReference section */

/* Begin PBXFrameworksBuildPhase section */
		3660CDBE1725E1B900D48AD2 /* Frameworks */ = {
			isa = PBXFrameworksBuildPhase;
			buildActionMask = 2147483647;
			files = (
				3660CDC51725E1B900D48AD2 /* UIKit.framework in Frameworks */,
				3660CDC71725E1B900D48AD2 /* Foundation.framework in Frameworks */,
				3660CDC91725E1B900D48AD2 /* CoreGraphics.framework in Frameworks */,
			);
			runOnlyForDeploymentPostprocessing = 0;
		};
/* End PBXFrameworksBuildPhase section */

/* Begin PBXGroup section */
		3660CDB81725E1B900D48AD2 = {
			isa = PBXGroup;
			children = (
				3660CDCA1725E1B900D48AD2 /* Test2 */,
				3660CDC31725E1B900D48AD2 /* Frameworks */,
				3660CDC21725E1B900D48AD2 /* Products */,
			);
			sourceTree = "<group>";
		};
		3660CDC21725E1B900D48AD2 /* Products */ = {
			isa = PBXGroup;
			children = (
				3660CDC11725E1B900D48AD2 /* Test2.app */,
			);
			name = Products;
			sourceTree = "<group>";
		};
		3660CDC31725E1B900D48AD2 /* Frameworks */ = {
			isa = PBXGroup;
			children = (
				3660CDC41725E1B900D48AD2 /* UIKit.framework */,
				3660CDC61725E1B900D48AD2 /* Foundation.framework */,
				3660CDC81725E1B900D48AD2 /* CoreGraphics.framework */,
			);
			name = Frameworks;
			sourceTree = "<group>";
		};
		3660CDCA1725E1B900D48AD2 /* Test2 */ = {
			isa = PBXGroup;
			children = (
				3660CDD31725E1B900D48AD2 /* AppDelegate.h */,
				3660CDD41725E1B900D48AD2 /* AppDelegate.m */,
				3660CDDC1725E1B900D48AD2 /* ViewController.h */,
				3660CDDD1725E1B900D48AD2 /* ViewController.m */,
				3660CDDF1725E1B900D48AD2 /* ViewController.xib */,
				363529CC17D696150074784C /* MyView.h */,
				363529CD17D696150074784C /* MyView.m */,
				3660CDCB1725E1B900D48AD2 /* Supporting Files */,
			);
			path = Test2;
			sourceTree = "<group>";
		};
		3660CDCB1725E1B900D48AD2 /* Supporting Files */ = {
			isa = PBXGroup;
			children = (
				363529CF17D69BC10074784C /* Test2-Info.plist */,
				3660CDCD1725E1B900D48AD2 /* InfoPlist.strings */,
				3660CDD01725E1B900D48AD2 /* main.m */,
				3660CDD21725E1B900D48AD2 /* Test2-Prefix.pch */,
				3660CDD61725E1B900D48AD2 /* Default.png */,
				3660CDD81725E1B900D48AD2 /* Default@2x.png */,
				3660CDDA1725E1B900D48AD2 /* Default-568h@2x.png */,
			);
			name = "Supporting Files";
			sourceTree = "<group>";
		};
/* End PBXGroup section */

/* Begin PBXNativeTarget section */
		3660CDC01725E1B900D48AD2 /* Test2 */ = {
			isa = PBXNativeTarget;
			buildConfigurationList = 3660CDF91725E1B900D48AD2 /* Build configuration list for PBXNativeTarget "Test2" */;
			buildPhases = (
				3660CDBD1725E1B900D48AD2 /* Sources */,
				3660CDBE1725E1B900D48AD2 /* Frameworks */,
				3660CDBF1725E1B900D48AD2 /* Resources */,
			);
			buildRules = (
			);
			dependencies = (
			);
			name = Test2;
			productName = Test2;
			productReference = 3660CDC11725E1B900D48AD2 /* Test2.app */;
			productType = "com.apple.product-type.application";
		};
/* End PBXNativeTarget section */

/* Begin PBXProject section */
		3660CDB91725E1B900D48AD2 /* Project object */ = {
			isa = PBXProject;
			attributes = {
				LastUpgradeCheck = 0460;
				ORGANIZATIONNAME = "Jotel Ltd.";
			};
			buildConfigurationList = 3660CDBC1725E1B900D48AD2 /* Build configuration list for PBXProject "Test2" */;
			compatibilityVersion = "Xcode 3.2";
			developmentRegion = English;
			hasScannedForEncodings = 0;
			knownRegions = (
				en,
			);
			mainGroup = 3660CDB81725E1B900D48AD2;
			productRefGroup = 3660CDC21725E1B900D48AD2 /* Products */;
			projectDirPath = "";
			projectRoot = "";
			targets = (
				3660CDC01725E1B900D48AD2 /* Test2 */,
			);
		};
/* End PBXProject section */

/* Begin PBXResourcesBuildPhase section */
		3660CDBF1725E1B900D48AD2 /* Resources */ = {
			isa = PBXResourcesBuildPhase;
			buildActionMask = 2147483647;
			files = (
				3660CDCF1725E1B900D48AD2 /* InfoPlist.strings in Resources */,
				363529D017D69BC10074784C /* Test2-Info.plist in Resources */,
				3660CDD71725E1B900D48AD2 /* Default.png in Resources */,
				3660CDD91725E1B900D48AD2 /* Default@2x.png in Resources */,
				3660CDDB1725E1B900D48AD2 /* Default-568h@2x.png in Resources */,
				3660CDE11725E1B900D48AD2 /* ViewController.xib in Resources */,
			);
			runOnlyForDeploymentPostprocessing = 0;
		};
/* End PBXResourcesBuildPhase section */

/* Begin PBXSourcesBuildPhase section */
		3660CDBD1725E1B900D48AD2 /* Sources */ = {
			isa = PBXSourcesBuildPhase;
			buildActionMask = 2147483647;
			files = (
				363529CE17D696150074784C /* MyView.m in Sources */,
				3660CDD11725E1B900D48AD2 /* main.m in Sources */,
				3660CDD51725E1B900D48AD2 /* AppDelegate.m in Sources */,
				3660CDDE1725E1B900D48AD2 /* ViewController.m in Sources */,
			);
			runOnlyForDeploymentPostprocessing = 0;
		};
/* End PBXSourcesBuildPhase section */

/* Begin PBXVariantGroup section */
		3660CDCD1725E1B900D48AD2 /* InfoPlist.strings */ = {
			isa = PBXVariantGroup;
			children = (
				3660CDCE1725E1B900D48AD2 /* en */,
			);
			name = InfoPlist.strings;
			sourceTree = "<group>";
		};
		3660CDDF1725E1B900D48AD2 /* ViewController.xib */ = {
			isa = PBXVariantGroup;
			children = (
				3660CDE01725E1B900D48AD2 /* en */,
			);
			name = ViewController.xib;
			sourceTree = "<group>";
		};
/* End PBXVariantGroup section */

/* Begin XCBuildConfiguration section */
		3660CDF71725E1B900D48AD2 /* Debug */ = {
			isa = XCBuildConfiguration;
			buildSettings = {
				ALWAYS_SEARCH_USER_PATHS = NO;
				CLANG_CXX_LANGUAGE_STANDARD = "gnu++0x";
				CLANG_CXX_LIBRARY = "libc++";
				CLANG_WARN_CONSTANT_CONVERSION = YES;
				CLANG_WARN_EMPTY_BODY = YES;
				CLANG_WARN_ENUM_CONVERSION = YES;
				CLANG_WARN_INT_CONVERSION = YES;
				CLANG_WARN__DUPLICATE_METHOD_MATCH = YES;
				"CODE_SIGN_IDENTITY[sdk=iphoneos*]" = "iPhone Developer";
				COPY_PHASE_STRIP = NO;
				GCC_C_LANGUAGE_STANDARD = gnu99;
				GCC_DYNAMIC_NO_PIC = NO;
				GCC_OPTIMIZATION_LEVEL = 0;
				GCC_PREPROCESSOR_DEFINITIONS = (
					"DEBUG=1",
					"$(inherited)",
				);
				GCC_SYMBOLS_PRIVATE_EXTERN = NO;
				GCC_WARN_ABOUT_RETURN_TYPE = YES;
				GCC_WARN_UNINITIALIZED_AUTOS = YES;
				GCC_WARN_UNUSED_VARIABLE = YES;
				IPHONEOS_DEPLOYMENT_TARGET = 6.1;
				ONLY_ACTIVE_ARCH = YES;
				SDKROOT = iphoneos;
			};
			name = Debug;
		};
		3660CDF81725E1B900D48AD2 /* Release */ = {
			isa = XCBuildConfiguration;
			buildSettings = {
				ALWAYS_SEARCH_USER_PATHS = NO;
				CLANG_CXX_LANGUAGE_STANDARD = "gnu++0x";
				CLANG_CXX_LIBRARY = "libc++";
				CLANG_WARN_CONSTANT_CONVERSION = YES;
				CLANG_WARN_EMPTY_BODY = YES;
				CLANG_WARN_ENUM_CONVERSION = YES;
				CLANG_WARN_INT_CONVERSION = YES;
				CLANG_WARN__DUPLICATE_METHOD_MATCH = YES;
				"CODE_SIGN_IDENTITY[sdk=iphoneos*]" = "iPhone Developer";
				COPY_PHASE_STRIP = YES;
				GCC_C_LANGUAGE_STANDARD = gnu99;
				GCC_WARN_ABOUT_RETURN_TYPE = YES;
				GCC_WARN_UNINITIALIZED_AUTOS = YES;
				GCC_WARN_UNUSED_VARIABLE = YES;
				IPHONEOS_DEPLOYMENT_TARGET = 6.1;
				OTHER_CFLAGS = "-DNS_BLOCK_ASSERTIONS=1";
				SDKROOT = iphoneos;
				VALIDATE_PRODUCT = YES;
			};
			name = Release;
		};
		3660CDFA1725E1B900D48AD2 /* Debug */ = {
			isa = XCBuildConfiguration;
			buildSettings = {
				CLANG_ENABLE_OBJC_ARC = YES;
				GCC_PRECOMPILE_PREFIX_HEADER = YES;
				GCC_PREFIX_HEADER = "Test2/Test2-Prefix.pch";
				INFOPLIST_FILE = "Test2/Test2-Info.plist";
				PRODUCT_NAME = "$(TARGET_NAME)";
				WRAPPER_EXTENSION = app;
			};
			name = Debug;
		};
		3660CDFB1725E1B900D48AD2 /* Release */ = {
			isa = XCBuildConfiguration;
			buildSettings = {
				CLANG_ENABLE_OBJC_ARC = YES;
				GCC_PRECOMPILE_PREFIX_HEADER = YES;
				GCC_PREFIX_HEADER = "Test2/Test2-Prefix.pch";
				INFOPLIST_FILE = "Test2/Test2-Info.plist";
				PRODUCT_NAME = "$(TARGET_NAME)";
				WRAPPER_EXTENSION = app;
			};
			name = Release;
		};
/* End XCBuildConfiguration section */

/* Begin XCConfigurationList section */
		3660CDBC1725E1B900D48AD2 /* Build configuration list for PBXProject "Test2" */ = {
			isa = XCConfigurationList;
			buildConfigurations = (
				3660CDF71725E1B900D48AD2 /* Debug */,
				3660CDF81725E1B900D48AD2 /* Release */,
			);
			defaultConfigurationIsVisible = 0;
			defaultConfigurationName = Release;
		};
		3660CDF91725E1B900D48AD2 /* Build configuration list for PBXNativeTarget "Test2" */ = {
			isa = XCConfigurationList;
			buildConfigurations = (
				3660CDFA1725E1B900D48AD2 /* Debug */,
				3660CDFB1725E1B900D48AD2 /* Release */,
			);
			defaultConfigurationIsVisible = 0;
			defaultConfigurationName = Release;
		};
/* End XCConfigurationList section */
	};
	rootObject = 3660CDB91725E1B900D48AD2 /* Project object */;
}
